
Microsoft Visual Studio Solution File, Format Version 12.00
# Visual Studio Version 17
VisualStudioVersion = 17.8.34330.188
MinimumVisualStudioVersion = 10.0.40219.1
Project("{9A19103F-16F7-4668-BE54-9A1E7A4F7556}") = "EmployeeDirectoryConsoleApp", "Employee Directory Console App\EmployeeDirectoryConsoleApp.csproj", "{8EF04193-34FE-4FC9-B0C9-C2491FBDAB01}"
EndProject
Project("{9A19103F-16F7-4668-BE54-9A1E7A4F7556}") = "Data", "Data\Data.csproj", "{6AD32FDD-72B0-4362-A4FA-824F5812B2BC}"
EndProject
Project("{9A19103F-16F7-4668-BE54-9A1E7A4F7556}") = "Presentation", "Presentation\Presentation.csproj", "{76AE62DA-4CA4-4D7D-930E-AC7AD7B3DDC4}"
EndProject
Project("{9A19103F-16F7-4668-BE54-9A1E7A4F7556}") = "BusinessLogicLayer", "BusinessLogicLayer\BusinessLogicLayer.csproj", "{F3C6EA9B-955E-40CD-B8D7-034B187D9285}"
EndProject
Project("{9A19103F-16F7-4668-BE54-9A1E7A4F7556}") = "Models", "Models\Models.csproj", "{FBD16CF4-93D4-4548-B440-18712DE49A9D}"
EndProject
Project("{9A19103F-16F7-4668-BE54-9A1E7A4F7556}") = "DataAccessLayer", "DataAccessLayer\DataAccessLayer.csproj", "{47E186CF-2BA2-4399-9EC9-5D53A9939B95}"
EndProject
Global
	GlobalSection(SolutionConfigurationPlatforms) = preSolution
		Debug|Any CPU = Debug|Any CPU
		Release|Any CPU = Release|Any CPU
	EndGlobalSection
	GlobalSection(ProjectConfigurationPlatforms) = postSolution
		{8EF04193-34FE-4FC9-B0C9-C2491FBDAB01}.Debug|Any CPU.ActiveCfg = Debug|Any CPU
		{8EF04193-34FE-4FC9-B0C9-C2491FBDAB01}.Debug|Any CPU.Build.0 = Debug|Any CPU
		{8EF04193-34FE-4FC9-B0C9-C2491FBDAB01}.Release|Any CPU.ActiveCfg = Release|Any CPU
		{8EF04193-34FE-4FC9-B0C9-C2491FBDAB01}.Release|Any CPU.Build.0 = Release|Any CPU
		{6AD32FDD-72B0-4362-A4FA-824F5812B2BC}.Debug|Any CPU.ActiveCfg = Debug|Any CPU
		{6AD32FDD-72B0-4362-A4FA-824F5812B2BC}.Debug|Any CPU.Build.0 = Debug|Any CPU
		{6AD32FDD-72B0-4362-A4FA-824F5812B2BC}.Release|Any CPU.ActiveCfg = Release|Any CPU
		{6AD32FDD-72B0-4362-A4FA-824F5812B2BC}.Release|Any CPU.Build.0 = Release|Any CPU
		{76AE62DA-4CA4-4D7D-930E-AC7AD7B3DDC4}.Debug|Any CPU.ActiveCfg = Debug|Any CPU
		{76AE62DA-4CA4-4D7D-930E-AC7AD7B3DDC4}.Debug|Any CPU.Build.0 = Debug|Any CPU
		{76AE62DA-4CA4-4D7D-930E-AC7AD7B3DDC4}.Release|Any CPU.ActiveCfg = Release|Any CPU
		{76AE62DA-4CA4-4D7D-930E-AC7AD7B3DDC4}.Release|Any CPU.Build.0 = Release|Any CPU
		{F3C6EA9B-955E-40CD-B8D7-034B187D9285}.Debug|Any CPU.ActiveCfg = Debug|Any CPU
		{F3C6EA9B-955E-40CD-B8D7-034B187D9285}.Debug|Any CPU.Build.0 = Debug|Any CPU
		{F3C6EA9B-955E-40CD-B8D7-034B187D9285}.Release|Any CPU.ActiveCfg = Release|Any CPU
		{F3C6EA9B-955E-40CD-B8D7-034B187D9285}.Release|Any CPU.Build.0 = Release|Any CPU
		{FBD16CF4-93D4-4548-B440-18712DE49A9D}.Debug|Any CPU.ActiveCfg = Debug|Any CPU
		{FBD16CF4-93D4-4548-B440-18712DE49A9D}.Debug|Any CPU.Build.0 = Debug|Any CPU
		{FBD16CF4-93D4-4548-B440-18712DE49A9D}.Release|Any CPU.ActiveCfg = Release|Any CPU
		{FBD16CF4-93D4-4548-B440-18712DE49A9D}.Release|Any CPU.Build.0 = Release|Any CPU
		{47E186CF-2BA2-4399-9EC9-5D53A9939B95}.Debug|Any CPU.ActiveCfg = Debug|Any CPU
		{47E186CF-2BA2-4399-9EC9-5D53A9939B95}.Debug|Any CPU.Build.0 = Debug|Any CPU
		{47E186CF-2BA2-4399-9EC9-5D53A9939B95}.Release|Any CPU.ActiveCfg = Release|Any CPU
		{47E186CF-2BA2-4399-9EC9-5D53A9939B95}.Release|Any CPU.Build.0 = Release|Any CPU
	EndGlobalSection
	GlobalSection(SolutionProperties) = preSolution
		HideSolutionNode = FALSE
	EndGlobalSection
	GlobalSection(ExtensibilityGlobals) = postSolution
		SolutionGuid = {9C18450B-84E0-4F51-917F-70D5EB66B090}
	EndGlobalSection
EndGlobal
